// !$*UTF8*$!
{
	archiveVersion = 1;
	classes = {
	};
	objectVersion = 50;
	objects = {

/* Begin PBXBuildFile section */
		4A2057CC2232DA200094745C /* ReusableViewCoordinator.swift in Sources */ = {isa = PBXBuildFile; fileRef = 4A2057CB2232DA200094745C /* ReusableViewCoordinator.swift */; };
		4A2057D02232E1580094745C /* SendNetworkRequestButton.xib in Resources */ = {isa = PBXBuildFile; fileRef = 4A2057CF2232E1580094745C /* SendNetworkRequestButton.xib */; };
		4A548DAE22526B000072197F /* Device.swift in Sources */ = {isa = PBXBuildFile; fileRef = 4A548DAD22526B000072197F /* Device.swift */; };
		4A57FF74223FCC3300ACEDC3 /* SendNetworkRequestButton.swift in Sources */ = {isa = PBXBuildFile; fileRef = 4A57FF73223FCC3300ACEDC3 /* SendNetworkRequestButton.swift */; };
		4A5E14BF2223F4DD00E1F44E /* AppDelegate.swift in Sources */ = {isa = PBXBuildFile; fileRef = 4A5E14BE2223F4DD00E1F44E /* AppDelegate.swift */; };
		4A5E14C12223F4DD00E1F44E /* HomeViewController.swift in Sources */ = {isa = PBXBuildFile; fileRef = 4A5E14C02223F4DD00E1F44E /* HomeViewController.swift */; };
		4A5E14C42223F4DD00E1F44E /* Main.storyboard in Resources */ = {isa = PBXBuildFile; fileRef = 4A5E14C22223F4DD00E1F44E /* Main.storyboard */; };
		4A5E14C72223F4DD00E1F44E /* LPHApplication.xcdatamodeld in Sources */ = {isa = PBXBuildFile; fileRef = 4A5E14C52223F4DD00E1F44E /* LPHApplication.xcdatamodeld */; };
		4A5E14CC2223F4DE00E1F44E /* LaunchScreen.storyboard in Resources */ = {isa = PBXBuildFile; fileRef = 4A5E14CA2223F4DE00E1F44E /* LaunchScreen.storyboard */; };
		4ABBD70B222EE4A000C803AF /* EmergencyViewController.swift in Sources */ = {isa = PBXBuildFile; fileRef = 4ABBD70A222EE4A000C803AF /* EmergencyViewController.swift */; };
		4ABBD70D222EEA7B00C803AF /* DealsViewController.swift in Sources */ = {isa = PBXBuildFile; fileRef = 4ABBD70C222EEA7B00C803AF /* DealsViewController.swift */; };
		4ABBD710222FC48900C803AF /* TimeSelectionView.xib in Resources */ = {isa = PBXBuildFile; fileRef = 4ABBD70F222FC48900C803AF /* TimeSelectionView.xib */; };
		4ABBD712222FC50500C803AF /* DealsSelectionView.xib in Resources */ = {isa = PBXBuildFile; fileRef = 4ABBD711222FC50500C803AF /* DealsSelectionView.xib */; };
		4ABBD714222FC54700C803AF /* TimeSelectionView.swift in Sources */ = {isa = PBXBuildFile; fileRef = 4ABBD713222FC54700C803AF /* TimeSelectionView.swift */; };
		4ABBD716222FC65B00C803AF /* DealsSelectionView.swift in Sources */ = {isa = PBXBuildFile; fileRef = 4ABBD715222FC65B00C803AF /* DealsSelectionView.swift */; };
		4ABBD718222FC7B600C803AF /* DealsViewCell.swift in Sources */ = {isa = PBXBuildFile; fileRef = 4ABBD717222FC7B600C803AF /* DealsViewCell.swift */; };
		4ABBD71A222FC7C000C803AF /* DealsViewCell.xib in Resources */ = {isa = PBXBuildFile; fileRef = 4ABBD719222FC7C000C803AF /* DealsViewCell.xib */; };
		4ABBD71D222FD79700C803AF /* NIbLoader.swift in Sources */ = {isa = PBXBuildFile; fileRef = 4ABBD71C222FD79700C803AF /* NIbLoader.swift */; };
		4ABBD725222FF95500C803AF /* HTTP.swift in Sources */ = {isa = PBXBuildFile; fileRef = 4ABBD724222FF95500C803AF /* HTTP.swift */; };
		4AC741FD2226C79100D1F4D5 /* Coordinator.swift in Sources */ = {isa = PBXBuildFile; fileRef = 4AC741FC2226C79100D1F4D5 /* Coordinator.swift */; };
		4AC741FF2226C84000D1F4D5 /* MainCoordinator.swift in Sources */ = {isa = PBXBuildFile; fileRef = 4AC741FE2226C84000D1F4D5 /* MainCoordinator.swift */; };
		4AC742012226C90E00D1F4D5 /* Storyboarded.swift in Sources */ = {isa = PBXBuildFile; fileRef = 4AC742002226C90E00D1F4D5 /* Storyboarded.swift */; };
		4AC742042226CC0600D1F4D5 /* CollectionViewDataSource.swift in Sources */ = {isa = PBXBuildFile; fileRef = 4AC742032226CC0600D1F4D5 /* CollectionViewDataSource.swift */; };
		4AC742062226CC0E00D1F4D5 /* DataSource.swift in Sources */ = {isa = PBXBuildFile; fileRef = 4AC742052226CC0E00D1F4D5 /* DataSource.swift */; };
		4AC7420A2226CF1700D1F4D5 /* Helpers.swift in Sources */ = {isa = PBXBuildFile; fileRef = 4AC742092226CF1700D1F4D5 /* Helpers.swift */; };
		4AC742112226D8BF00D1F4D5 /* Enums.swift in Sources */ = {isa = PBXBuildFile; fileRef = 4AC742102226D8BF00D1F4D5 /* Enums.swift */; };
		4AC742132226DAEE00D1F4D5 /* HomeViewCell.xib in Resources */ = {isa = PBXBuildFile; fileRef = 4AC742122226DAEE00D1F4D5 /* HomeViewCell.xib */; };
		4AC742172226DB2A00D1F4D5 /* HomeViewCell.swift in Sources */ = {isa = PBXBuildFile; fileRef = 4AC742162226DB2A00D1F4D5 /* HomeViewCell.swift */; };
		4AC7421922283AB700D1F4D5 /* Assets.xcassets in Resources */ = {isa = PBXBuildFile; fileRef = 4AC7421822283AB600D1F4D5 /* Assets.xcassets */; };
		4AC7421B2228516E00D1F4D5 /* ReusableCollectionViewController.swift in Sources */ = {isa = PBXBuildFile; fileRef = 4AC7421A2228516E00D1F4D5 /* ReusableCollectionViewController.swift */; };
		4AC7421E2228555100D1F4D5 /* TimeScreenViewCell.swift in Sources */ = {isa = PBXBuildFile; fileRef = 4AC7421D2228555100D1F4D5 /* TimeScreenViewCell.swift */; };
		4AC74221222855CC00D1F4D5 /* TimeScreenViewCell.xib in Resources */ = {isa = PBXBuildFile; fileRef = 4AC74220222855CC00D1F4D5 /* TimeScreenViewCell.xib */; };
		4AC742322229537D00D1F4D5 /* PopUpCardViewController.swift in Sources */ = {isa = PBXBuildFile; fileRef = 4AC742302229537D00D1F4D5 /* PopUpCardViewController.swift */; };
		4AC742332229537D00D1F4D5 /* PopUpCardViewController.xib in Resources */ = {isa = PBXBuildFile; fileRef = 4AC742312229537D00D1F4D5 /* PopUpCardViewController.xib */; };
		4AF985F522535289007C599E /* iPadStoryboard.storyboard in Resources */ = {isa = PBXBuildFile; fileRef = 4AF985F422535289007C599E /* iPadStoryboard.storyboard */; };
		4AF985F922535405007C599E /* HomeViewProtocol.swift in Sources */ = {isa = PBXBuildFile; fileRef = 4AF985F822535405007C599E /* HomeViewProtocol.swift */; };
		4AF985FB225361F8007C599E /* MainTabBarController.swift in Sources */ = {isa = PBXBuildFile; fileRef = 4AF985FA225361F8007C599E /* MainTabBarController.swift */; };
		4AF985FD22536960007C599E /* EmergencyCoordinator.swift in Sources */ = {isa = PBXBuildFile; fileRef = 4AF985FC22536960007C599E /* EmergencyCoordinator.swift */; };
/* End PBXBuildFile section */

/* Begin PBXFileReference section */
		4A2057CB2232DA200094745C /* ReusableViewCoordinator.swift */ = {isa = PBXFileReference; lastKnownFileType = sourcecode.swift; path = ReusableViewCoordinator.swift; sourceTree = "<group>"; };
		4A2057CF2232E1580094745C /* SendNetworkRequestButton.xib */ = {isa = PBXFileReference; lastKnownFileType = file.xib; path = SendNetworkRequestButton.xib; sourceTree = "<group>"; };
		4A548DAD22526B000072197F /* Device.swift */ = {isa = PBXFileReference; lastKnownFileType = sourcecode.swift; path = Device.swift; sourceTree = "<group>"; };
		4A57FF73223FCC3300ACEDC3 /* SendNetworkRequestButton.swift */ = {isa = PBXFileReference; lastKnownFileType = sourcecode.swift; path = SendNetworkRequestButton.swift; sourceTree = "<group>"; };
		4A5E14BB2223F4DD00E1F44E /* LPHApplication.app */ = {isa = PBXFileReference; explicitFileType = wrapper.application; includeInIndex = 0; path = LPHApplication.app; sourceTree = BUILT_PRODUCTS_DIR; };
		4A5E14BE2223F4DD00E1F44E /* AppDelegate.swift */ = {isa = PBXFileReference; lastKnownFileType = sourcecode.swift; path = AppDelegate.swift; sourceTree = "<group>"; };
		4A5E14C02223F4DD00E1F44E /* HomeViewController.swift */ = {isa = PBXFileReference; lastKnownFileType = sourcecode.swift; path = HomeViewController.swift; sourceTree = "<group>"; };
		4A5E14C32223F4DD00E1F44E /* Base */ = {isa = PBXFileReference; lastKnownFileType = file.storyboard; name = Base; path = Base.lproj/Main.storyboard; sourceTree = "<group>"; };
		4A5E14C62223F4DD00E1F44E /* LPHApplication.xcdatamodel */ = {isa = PBXFileReference; lastKnownFileType = wrapper.xcdatamodel; path = LPHApplication.xcdatamodel; sourceTree = "<group>"; };
		4A5E14CB2223F4DE00E1F44E /* Base */ = {isa = PBXFileReference; lastKnownFileType = file.storyboard; name = Base; path = Base.lproj/LaunchScreen.storyboard; sourceTree = "<group>"; };
		4A5E14CD2223F4DE00E1F44E /* Info.plist */ = {isa = PBXFileReference; lastKnownFileType = text.plist.xml; path = Info.plist; sourceTree = "<group>"; };
		4ABBD70A222EE4A000C803AF /* EmergencyViewController.swift */ = {isa = PBXFileReference; lastKnownFileType = sourcecode.swift; path = EmergencyViewController.swift; sourceTree = "<group>"; };
		4ABBD70C222EEA7B00C803AF /* DealsViewController.swift */ = {isa = PBXFileReference; lastKnownFileType = sourcecode.swift; path = DealsViewController.swift; sourceTree = "<group>"; };
		4ABBD70F222FC48900C803AF /* TimeSelectionView.xib */ = {isa = PBXFileReference; lastKnownFileType = file.xib; path = TimeSelectionView.xib; sourceTree = "<group>"; };
		4ABBD711222FC50500C803AF /* DealsSelectionView.xib */ = {isa = PBXFileReference; lastKnownFileType = file.xib; path = DealsSelectionView.xib; sourceTree = "<group>"; };
		4ABBD713222FC54700C803AF /* TimeSelectionView.swift */ = {isa = PBXFileReference; lastKnownFileType = sourcecode.swift; path = TimeSelectionView.swift; sourceTree = "<group>"; };
		4ABBD715222FC65B00C803AF /* DealsSelectionView.swift */ = {isa = PBXFileReference; lastKnownFileType = sourcecode.swift; path = DealsSelectionView.swift; sourceTree = "<group>"; };
		4ABBD717222FC7B600C803AF /* DealsViewCell.swift */ = {isa = PBXFileReference; lastKnownFileType = sourcecode.swift; path = DealsViewCell.swift; sourceTree = "<group>"; };
		4ABBD719222FC7C000C803AF /* DealsViewCell.xib */ = {isa = PBXFileReference; lastKnownFileType = file.xib; path = DealsViewCell.xib; sourceTree = "<group>"; };
		4ABBD71C222FD79700C803AF /* NIbLoader.swift */ = {isa = PBXFileReference; lastKnownFileType = sourcecode.swift; path = NIbLoader.swift; sourceTree = "<group>"; };
		4ABBD724222FF95500C803AF /* HTTP.swift */ = {isa = PBXFileReference; lastKnownFileType = sourcecode.swift; path = HTTP.swift; sourceTree = "<group>"; };
		4AC741FC2226C79100D1F4D5 /* Coordinator.swift */ = {isa = PBXFileReference; lastKnownFileType = sourcecode.swift; path = Coordinator.swift; sourceTree = "<group>"; };
		4AC741FE2226C84000D1F4D5 /* MainCoordinator.swift */ = {isa = PBXFileReference; lastKnownFileType = sourcecode.swift; path = MainCoordinator.swift; sourceTree = "<group>"; };
		4AC742002226C90E00D1F4D5 /* Storyboarded.swift */ = {isa = PBXFileReference; lastKnownFileType = sourcecode.swift; path = Storyboarded.swift; sourceTree = "<group>"; };
		4AC742032226CC0600D1F4D5 /* CollectionViewDataSource.swift */ = {isa = PBXFileReference; lastKnownFileType = sourcecode.swift; path = CollectionViewDataSource.swift; sourceTree = "<group>"; };
		4AC742052226CC0E00D1F4D5 /* DataSource.swift */ = {isa = PBXFileReference; lastKnownFileType = sourcecode.swift; path = DataSource.swift; sourceTree = "<group>"; };
		4AC742092226CF1700D1F4D5 /* Helpers.swift */ = {isa = PBXFileReference; lastKnownFileType = sourcecode.swift; path = Helpers.swift; sourceTree = "<group>"; };
		4AC742102226D8BF00D1F4D5 /* Enums.swift */ = {isa = PBXFileReference; lastKnownFileType = sourcecode.swift; path = Enums.swift; sourceTree = "<group>"; };
		4AC742122226DAEE00D1F4D5 /* HomeViewCell.xib */ = {isa = PBXFileReference; lastKnownFileType = file.xib; path = HomeViewCell.xib; sourceTree = "<group>"; };
		4AC742162226DB2A00D1F4D5 /* HomeViewCell.swift */ = {isa = PBXFileReference; lastKnownFileType = sourcecode.swift; path = HomeViewCell.swift; sourceTree = "<group>"; };
		4AC7421822283AB600D1F4D5 /* Assets.xcassets */ = {isa = PBXFileReference; lastKnownFileType = folder.assetcatalog; path = Assets.xcassets; sourceTree = "<group>"; };
		4AC7421A2228516E00D1F4D5 /* ReusableCollectionViewController.swift */ = {isa = PBXFileReference; lastKnownFileType = sourcecode.swift; path = ReusableCollectionViewController.swift; sourceTree = "<group>"; };
		4AC7421D2228555100D1F4D5 /* TimeScreenViewCell.swift */ = {isa = PBXFileReference; lastKnownFileType = sourcecode.swift; path = TimeScreenViewCell.swift; sourceTree = "<group>"; };
		4AC74220222855CC00D1F4D5 /* TimeScreenViewCell.xib */ = {isa = PBXFileReference; lastKnownFileType = file.xib; path = TimeScreenViewCell.xib; sourceTree = "<group>"; };
		4AC742302229537D00D1F4D5 /* PopUpCardViewController.swift */ = {isa = PBXFileReference; lastKnownFileType = sourcecode.swift; path = PopUpCardViewController.swift; sourceTree = "<group>"; };
		4AC742312229537D00D1F4D5 /* PopUpCardViewController.xib */ = {isa = PBXFileReference; lastKnownFileType = file.xib; path = PopUpCardViewController.xib; sourceTree = "<group>"; };
		4AF985F422535289007C599E /* iPadStoryboard.storyboard */ = {isa = PBXFileReference; lastKnownFileType = file.storyboard; path = iPadStoryboard.storyboard; sourceTree = "<group>"; };
		4AF985F822535405007C599E /* HomeViewProtocol.swift */ = {isa = PBXFileReference; lastKnownFileType = sourcecode.swift; path = HomeViewProtocol.swift; sourceTree = "<group>"; };
		4AF985FA225361F8007C599E /* MainTabBarController.swift */ = {isa = PBXFileReference; lastKnownFileType = sourcecode.swift; path = MainTabBarController.swift; sourceTree = "<group>"; };
		4AF985FC22536960007C599E /* EmergencyCoordinator.swift */ = {isa = PBXFileReference; lastKnownFileType = sourcecode.swift; path = EmergencyCoordinator.swift; sourceTree = "<group>"; };
/* End PBXFileReference section */

/* Begin PBXFrameworksBuildPhase section */
		4A5E14B82223F4DD00E1F44E /* Frameworks */ = {
			isa = PBXFrameworksBuildPhase;
			buildActionMask = 2147483647;
			files = (
			);
			runOnlyForDeploymentPostprocessing = 0;
		};
/* End PBXFrameworksBuildPhase section */

/* Begin PBXGroup section */
		4A2057CD2232E1350094745C /* Buttons */ = {
			isa = PBXGroup;
			children = (
				4A2057CE2232E13E0094745C /* Networking */,
			);
			path = Buttons;
			sourceTree = "<group>";
		};
		4A2057CE2232E13E0094745C /* Networking */ = {
			isa = PBXGroup;
			children = (
				4A2057CF2232E1580094745C /* SendNetworkRequestButton.xib */,
				4A57FF73223FCC3300ACEDC3 /* SendNetworkRequestButton.swift */,
			);
			path = Networking;
			sourceTree = "<group>";
		};
		4A5E14B22223F4DD00E1F44E = {
			isa = PBXGroup;
			children = (
				4A5E14BD2223F4DD00E1F44E /* LPHApplication */,
				4A5E14BC2223F4DD00E1F44E /* Products */,
			);
			sourceTree = "<group>";
		};
		4A5E14BC2223F4DD00E1F44E /* Products */ = {
			isa = PBXGroup;
			children = (
				4A5E14BB2223F4DD00E1F44E /* LPHApplication.app */,
			);
			name = Products;
			sourceTree = "<group>";
		};
		4A5E14BD2223F4DD00E1F44E /* LPHApplication */ = {
			isa = PBXGroup;
			children = (
				4ABBD726222FF96A00C803AF /* API's */,
				4AC7420D2226D79400D1F4D5 /* Helpers */,
				4AC7420C2226D77300D1F4D5 /* Protocols */,
				4AC741FB2226C77C00D1F4D5 /* Views */,
				4AC741FA2226C77600D1F4D5 /* Models */,
				4AC741F92226C76C00D1F4D5 /* Coordinators */,
				4AC741F82226C76200D1F4D5 /* Controllers */,
				4A5E14BE2223F4DD00E1F44E /* AppDelegate.swift */,
				4AF985FA225361F8007C599E /* MainTabBarController.swift */,
				4A5E14CA2223F4DE00E1F44E /* LaunchScreen.storyboard */,
				4A5E14CD2223F4DE00E1F44E /* Info.plist */,
				4A5E14C52223F4DD00E1F44E /* LPHApplication.xcdatamodeld */,
				4AC7421822283AB600D1F4D5 /* Assets.xcassets */,
				4A548DAD22526B000072197F /* Device.swift */,
			);
			path = LPHApplication;
			sourceTree = "<group>";
		};
		4ABBD709222EE47C00C803AF /* EmergencyVC */ = {
			isa = PBXGroup;
			children = (
				4ABBD70A222EE4A000C803AF /* EmergencyViewController.swift */,
			);
			path = EmergencyVC;
			sourceTree = "<group>";
		};
		4ABBD70E222EEA8400C803AF /* DealsVC */ = {
			isa = PBXGroup;
			children = (
				4ABBD70C222EEA7B00C803AF /* DealsViewController.swift */,
			);
			path = DealsVC;
			sourceTree = "<group>";
		};
		4ABBD71B222FC7D900C803AF /* DealsViewCell */ = {
			isa = PBXGroup;
			children = (
				4ABBD717222FC7B600C803AF /* DealsViewCell.swift */,
				4ABBD719222FC7C000C803AF /* DealsViewCell.xib */,
			);
			path = DealsViewCell;
			sourceTree = "<group>";
		};
		4ABBD71E222FF82300C803AF /* ViewControllerNibs */ = {
			isa = PBXGroup;
			children = (
				4ABBD720222FF83D00C803AF /* PopUpCardView */,
			);
			path = ViewControllerNibs;
			sourceTree = "<group>";
		};
		4ABBD71F222FF82C00C803AF /* PopUpCardView */ = {
			isa = PBXGroup;
			children = (
				4ABBD723222FF8AB00C803AF /* Deals */,
				4ABBD722222FF8A500C803AF /* Time */,
			);
			path = PopUpCardView;
			sourceTree = "<group>";
		};
		4ABBD720222FF83D00C803AF /* PopUpCardView */ = {
			isa = PBXGroup;
			children = (
				4AC742312229537D00D1F4D5 /* PopUpCardViewController.xib */,
			);
			path = PopUpCardView;
			sourceTree = "<group>";
		};
		4ABBD721222FF86A00C803AF /* Storyboards */ = {
			isa = PBXGroup;
			children = (
				4A5E14C22223F4DD00E1F44E /* Main.storyboard */,
				4AF985F422535289007C599E /* iPadStoryboard.storyboard */,
			);
			path = Storyboards;
			sourceTree = "<group>";
		};
		4ABBD722222FF8A500C803AF /* Time */ = {
			isa = PBXGroup;
			children = (
				4ABBD713222FC54700C803AF /* TimeSelectionView.swift */,
				4ABBD70F222FC48900C803AF /* TimeSelectionView.xib */,
			);
			path = Time;
			sourceTree = "<group>";
		};
		4ABBD723222FF8AB00C803AF /* Deals */ = {
			isa = PBXGroup;
			children = (
				4ABBD715222FC65B00C803AF /* DealsSelectionView.swift */,
				4ABBD711222FC50500C803AF /* DealsSelectionView.xib */,
			);
			path = Deals;
			sourceTree = "<group>";
		};
		4ABBD726222FF96A00C803AF /* API's */ = {
			isa = PBXGroup;
			children = (
				4ABBD724222FF95500C803AF /* HTTP.swift */,
			);
			path = "API's";
			sourceTree = "<group>";
		};
		4AC741F82226C76200D1F4D5 /* Controllers */ = {
			isa = PBXGroup;
			children = (
				4AC742022226CADA00D1F4D5 /* HomeVC */,
				4ABBD70E222EEA8400C803AF /* DealsVC */,
				4ABBD709222EE47C00C803AF /* EmergencyVC */,
				4AC7421C2228517800D1F4D5 /* ReuseVC */,
			);
			path = Controllers;
			sourceTree = "<group>";
		};
		4AC741F92226C76C00D1F4D5 /* Coordinators */ = {
			isa = PBXGroup;
			children = (
				4AC741FE2226C84000D1F4D5 /* MainCoordinator.swift */,
				4A2057CB2232DA200094745C /* ReusableViewCoordinator.swift */,
				4AF985FC22536960007C599E /* EmergencyCoordinator.swift */,
			);
			path = Coordinators;
			sourceTree = "<group>";
		};
		4AC741FA2226C77600D1F4D5 /* Models */ = {
			isa = PBXGroup;
			children = (
				4AC742052226CC0E00D1F4D5 /* DataSource.swift */,
				4AC742102226D8BF00D1F4D5 /* Enums.swift */,
				4AC7420B2226D76500D1F4D5 /* CollectionView */,
			);
			path = Models;
			sourceTree = "<group>";
		};
		4AC741FB2226C77C00D1F4D5 /* Views */ = {
			isa = PBXGroup;
			children = (
				4ABBD721222FF86A00C803AF /* Storyboards */,
				4ABBD71E222FF82300C803AF /* ViewControllerNibs */,
				4AC742342229538900D1F4D5 /* ViewNibs */,
				4AC742142226DAF400D1F4D5 /* CollectionViewCells */,
			);
			path = Views;
			sourceTree = "<group>";
		};
		4AC742022226CADA00D1F4D5 /* HomeVC */ = {
			isa = PBXGroup;
			children = (
				4A5E14C02223F4DD00E1F44E /* HomeViewController.swift */,
				4AF985F822535405007C599E /* HomeViewProtocol.swift */,
			);
			path = HomeVC;
			sourceTree = "<group>";
		};
		4AC7420B2226D76500D1F4D5 /* CollectionView */ = {
			isa = PBXGroup;
			children = (
				4AC742032226CC0600D1F4D5 /* CollectionViewDataSource.swift */,
			);
			path = CollectionView;
			sourceTree = "<group>";
		};
		4AC7420C2226D77300D1F4D5 /* Protocols */ = {
			isa = PBXGroup;
			children = (
				4AC741FC2226C79100D1F4D5 /* Coordinator.swift */,
				4AC742002226C90E00D1F4D5 /* Storyboarded.swift */,
				4ABBD71C222FD79700C803AF /* NIbLoader.swift */,
			);
			path = Protocols;
			sourceTree = "<group>";
		};
		4AC7420D2226D79400D1F4D5 /* Helpers */ = {
			isa = PBXGroup;
			children = (
				4AC742092226CF1700D1F4D5 /* Helpers.swift */,
			);
			path = Helpers;
			sourceTree = "<group>";
		};
		4AC742142226DAF400D1F4D5 /* CollectionViewCells */ = {
			isa = PBXGroup;
			children = (
				4ABBD71B222FC7D900C803AF /* DealsViewCell */,
				4AC7421F222855B800D1F4D5 /* TimeScreenCell */,
				4AC742152226DAFC00D1F4D5 /* HomeViewCell */,
			);
			path = CollectionViewCells;
			sourceTree = "<group>";
		};
		4AC742152226DAFC00D1F4D5 /* HomeViewCell */ = {
			isa = PBXGroup;
			children = (
				4AC742122226DAEE00D1F4D5 /* HomeViewCell.xib */,
				4AC742162226DB2A00D1F4D5 /* HomeViewCell.swift */,
			);
			path = HomeViewCell;
			sourceTree = "<group>";
		};
		4AC7421C2228517800D1F4D5 /* ReuseVC */ = {
			isa = PBXGroup;
			children = (
				4AC7421A2228516E00D1F4D5 /* ReusableCollectionViewController.swift */,
				4AC7423722298E6A00D1F4D5 /* PopUpCardVC */,
			);
			path = ReuseVC;
			sourceTree = "<group>";
		};
		4AC7421F222855B800D1F4D5 /* TimeScreenCell */ = {
			isa = PBXGroup;
			children = (
				4AC7421D2228555100D1F4D5 /* TimeScreenViewCell.swift */,
				4AC74220222855CC00D1F4D5 /* TimeScreenViewCell.xib */,
			);
			path = TimeScreenCell;
			sourceTree = "<group>";
		};
		4AC742342229538900D1F4D5 /* ViewNibs */ = {
			isa = PBXGroup;
			children = (
				4A2057CD2232E1350094745C /* Buttons */,
				4ABBD71F222FF82C00C803AF /* PopUpCardView */,
			);
			path = ViewNibs;
			sourceTree = "<group>";
		};
		4AC7423722298E6A00D1F4D5 /* PopUpCardVC */ = {
			isa = PBXGroup;
			children = (
				4AC742302229537D00D1F4D5 /* PopUpCardViewController.swift */,
			);
			path = PopUpCardVC;
			sourceTree = "<group>";
		};
/* End PBXGroup section */

/* Begin PBXNativeTarget section */
		4A5E14BA2223F4DD00E1F44E /* LPHApplication */ = {
			isa = PBXNativeTarget;
			buildConfigurationList = 4A5E14D02223F4DE00E1F44E /* Build configuration list for PBXNativeTarget "LPHApplication" */;
			buildPhases = (
				4A5E14B72223F4DD00E1F44E /* Sources */,
				4A5E14B82223F4DD00E1F44E /* Frameworks */,
				4A5E14B92223F4DD00E1F44E /* Resources */,
			);
			buildRules = (
			);
			dependencies = (
			);
			name = LPHApplication;
			productName = LPHApplication;
			productReference = 4A5E14BB2223F4DD00E1F44E /* LPHApplication.app */;
			productType = "com.apple.product-type.application";
		};
/* End PBXNativeTarget section */

/* Begin PBXProject section */
		4A5E14B32223F4DD00E1F44E /* Project object */ = {
			isa = PBXProject;
			attributes = {
				LastSwiftUpdateCheck = 1010;
				LastUpgradeCheck = 1010;
				ORGANIZATIONNAME = "Tom Murray";
				TargetAttributes = {
					4A5E14BA2223F4DD00E1F44E = {
						CreatedOnToolsVersion = 10.1;
					};
				};
			};
			buildConfigurationList = 4A5E14B62223F4DD00E1F44E /* Build configuration list for PBXProject "LPHApplication" */;
			compatibilityVersion = "Xcode 9.3";
			developmentRegion = en;
			hasScannedForEncodings = 0;
			knownRegions = (
				en,
				Base,
			);
			mainGroup = 4A5E14B22223F4DD00E1F44E;
			productRefGroup = 4A5E14BC2223F4DD00E1F44E /* Products */;
			projectDirPath = "";
			projectRoot = "";
			targets = (
				4A5E14BA2223F4DD00E1F44E /* LPHApplication */,
			);
		};
/* End PBXProject section */

/* Begin PBXResourcesBuildPhase section */
		4A5E14B92223F4DD00E1F44E /* Resources */ = {
			isa = PBXResourcesBuildPhase;
			buildActionMask = 2147483647;
			files = (
				4ABBD710222FC48900C803AF /* TimeSelectionView.xib in Resources */,
				4ABBD712222FC50500C803AF /* DealsSelectionView.xib in Resources */,
				4A2057D02232E1580094745C /* SendNetworkRequestButton.xib in Resources */,
				4AC74221222855CC00D1F4D5 /* TimeScreenViewCell.xib in Resources */,
				4ABBD71A222FC7C000C803AF /* DealsViewCell.xib in Resources */,
				4AF985F522535289007C599E /* iPadStoryboard.storyboard in Resources */,
				4AC742332229537D00D1F4D5 /* PopUpCardViewController.xib in Resources */,
				4A5E14CC2223F4DE00E1F44E /* LaunchScreen.storyboard in Resources */,
				4AC742132226DAEE00D1F4D5 /* HomeViewCell.xib in Resources */,
				4AC7421922283AB700D1F4D5 /* Assets.xcassets in Resources */,
				4A5E14C42223F4DD00E1F44E /* Main.storyboard in Resources */,
			);
			runOnlyForDeploymentPostprocessing = 0;
		};
/* End PBXResourcesBuildPhase section */

/* Begin PBXSourcesBuildPhase section */
		4A5E14B72223F4DD00E1F44E /* Sources */ = {
			isa = PBXSourcesBuildPhase;
			buildActionMask = 2147483647;
			files = (
				4ABBD714222FC54700C803AF /* TimeSelectionView.swift in Sources */,
				4A5E14C72223F4DD00E1F44E /* LPHApplication.xcdatamodeld in Sources */,
				4A57FF74223FCC3300ACEDC3 /* SendNetworkRequestButton.swift in Sources */,
				4AC741FD2226C79100D1F4D5 /* Coordinator.swift in Sources */,
				4A5E14C12223F4DD00E1F44E /* HomeViewController.swift in Sources */,
				4A2057CC2232DA200094745C /* ReusableViewCoordinator.swift in Sources */,
				4AC7420A2226CF1700D1F4D5 /* Helpers.swift in Sources */,
				4AC741FF2226C84000D1F4D5 /* MainCoordinator.swift in Sources */,
				4ABBD71D222FD79700C803AF /* NIbLoader.swift in Sources */,
				4ABBD70B222EE4A000C803AF /* EmergencyViewController.swift in Sources */,
				4AC7421B2228516E00D1F4D5 /* ReusableCollectionViewController.swift in Sources */,
				4A5E14BF2223F4DD00E1F44E /* AppDelegate.swift in Sources */,
				4AF985FB225361F8007C599E /* MainTabBarController.swift in Sources */,
				4ABBD718222FC7B600C803AF /* DealsViewCell.swift in Sources */,
				4AC742172226DB2A00D1F4D5 /* HomeViewCell.swift in Sources */,
				4AC742012226C90E00D1F4D5 /* Storyboarded.swift in Sources */,
				4A548DAE22526B000072197F /* Device.swift in Sources */,
				4AC742322229537D00D1F4D5 /* PopUpCardViewController.swift in Sources */,
				4ABBD725222FF95500C803AF /* HTTP.swift in Sources */,
				4AC742062226CC0E00D1F4D5 /* DataSource.swift in Sources */,
				4AC742112226D8BF00D1F4D5 /* Enums.swift in Sources */,
				4AC7421E2228555100D1F4D5 /* TimeScreenViewCell.swift in Sources */,
				4ABBD70D222EEA7B00C803AF /* DealsViewController.swift in Sources */,
				4AF985F922535405007C599E /* HomeViewProtocol.swift in Sources */,
				4AC742042226CC0600D1F4D5 /* CollectionViewDataSource.swift in Sources */,
				4AF985FD22536960007C599E /* EmergencyCoordinator.swift in Sources */,
				4ABBD716222FC65B00C803AF /* DealsSelectionView.swift in Sources */,
			);
			runOnlyForDeploymentPostprocessing = 0;
		};
/* End PBXSourcesBuildPhase section */

/* Begin PBXVariantGroup section */
		4A5E14C22223F4DD00E1F44E /* Main.storyboard */ = {
			isa = PBXVariantGroup;
			children = (
				4A5E14C32223F4DD00E1F44E /* Base */,
			);
			name = Main.storyboard;
			sourceTree = "<group>";
		};
		4A5E14CA2223F4DE00E1F44E /* LaunchScreen.storyboard */ = {
			isa = PBXVariantGroup;
			children = (
				4A5E14CB2223F4DE00E1F44E /* Base */,
			);
			name = LaunchScreen.storyboard;
			sourceTree = "<group>";
		};
/* End PBXVariantGroup section */

/* Begin XCBuildConfiguration section */
		4A5E14CE2223F4DE00E1F44E /* Debug */ = {
			isa = XCBuildConfiguration;
			buildSettings = {
				ALWAYS_SEARCH_USER_PATHS = NO;
				CLANG_ANALYZER_NONNULL = YES;
				CLANG_ANALYZER_NUMBER_OBJECT_CONVERSION = YES_AGGRESSIVE;
				CLANG_CXX_LANGUAGE_STANDARD = "gnu++14";
				CLANG_CXX_LIBRARY = "libc++";
				CLANG_ENABLE_MODULES = YES;
				CLANG_ENABLE_OBJC_ARC = YES;
				CLANG_ENABLE_OBJC_WEAK = YES;
				CLANG_WARN_BLOCK_CAPTURE_AUTORELEASING = YES;
				CLANG_WARN_BOOL_CONVERSION = YES;
				CLANG_WARN_COMMA = YES;
				CLANG_WARN_CONSTANT_CONVERSION = YES;
				CLANG_WARN_DEPRECATED_OBJC_IMPLEMENTATIONS = YES;
				CLANG_WARN_DIRECT_OBJC_ISA_USAGE = YES_ERROR;
				CLANG_WARN_DOCUMENTATION_COMMENTS = YES;
				CLANG_WARN_EMPTY_BODY = YES;
				CLANG_WARN_ENUM_CONVERSION = YES;
				CLANG_WARN_INFINITE_RECURSION = YES;
				CLANG_WARN_INT_CONVERSION = YES;
				CLANG_WARN_NON_LITERAL_NULL_CONVERSION = YES;
				CLANG_WARN_OBJC_IMPLICIT_RETAIN_SELF = YES;
				CLANG_WARN_OBJC_LITERAL_CONVERSION = YES;
				CLANG_WARN_OBJC_ROOT_CLASS = YES_ERROR;
				CLANG_WARN_RANGE_LOOP_ANALYSIS = YES;
				CLANG_WARN_STRICT_PROTOTYPES = YES;
				CLANG_WARN_SUSPICIOUS_MOVE = YES;
				CLANG_WARN_UNGUARDED_AVAILABILITY = YES_AGGRESSIVE;
				CLANG_WARN_UNREACHABLE_CODE = YES;
				CLANG_WARN__DUPLICATE_METHOD_MATCH = YES;
				CODE_SIGN_IDENTITY = "iPhone Developer";
				COPY_PHASE_STRIP = NO;
				DEBUG_INFORMATION_FORMAT = dwarf;
				ENABLE_STRICT_OBJC_MSGSEND = YES;
				ENABLE_TESTABILITY = YES;
				GCC_C_LANGUAGE_STANDARD = gnu11;
				GCC_DYNAMIC_NO_PIC = NO;
				GCC_NO_COMMON_BLOCKS = YES;
				GCC_OPTIMIZATION_LEVEL = 0;
				GCC_PREPROCESSOR_DEFINITIONS = (
					"DEBUG=1",
					"$(inherited)",
				);
				GCC_WARN_64_TO_32_BIT_CONVERSION = YES;
				GCC_WARN_ABOUT_RETURN_TYPE = YES_ERROR;
				GCC_WARN_UNDECLARED_SELECTOR = YES;
				GCC_WARN_UNINITIALIZED_AUTOS = YES_AGGRESSIVE;
				GCC_WARN_UNUSED_FUNCTION = YES;
				GCC_WARN_UNUSED_VARIABLE = YES;
				IPHONEOS_DEPLOYMENT_TARGET = 12.1;
				MTL_ENABLE_DEBUG_INFO = INCLUDE_SOURCE;
				MTL_FAST_MATH = YES;
				ONLY_ACTIVE_ARCH = YES;
				SDKROOT = iphoneos;
				SWIFT_ACTIVE_COMPILATION_CONDITIONS = DEBUG;
				SWIFT_OPTIMIZATION_LEVEL = "-Onone";
			};
			name = Debug;
		};
		4A5E14CF2223F4DE00E1F44E /* Release */ = {
			isa = XCBuildConfiguration;
			buildSettings = {
				ALWAYS_SEARCH_USER_PATHS = NO;
				CLANG_ANALYZER_NONNULL = YES;
				CLANG_ANALYZER_NUMBER_OBJECT_CONVERSION = YES_AGGRESSIVE;
				CLANG_CXX_LANGUAGE_STANDARD = "gnu++14";
				CLANG_CXX_LIBRARY = "libc++";
				CLANG_ENABLE_MODULES = YES;
				CLANG_ENABLE_OBJC_ARC = YES;
				CLANG_ENABLE_OBJC_WEAK = YES;
				CLANG_WARN_BLOCK_CAPTURE_AUTORELEASING = YES;
				CLANG_WARN_BOOL_CONVERSION = YES;
				CLANG_WARN_COMMA = YES;
				CLANG_WARN_CONSTANT_CONVERSION = YES;
				CLANG_WARN_DEPRECATED_OBJC_IMPLEMENTATIONS = YES;
				CLANG_WARN_DIRECT_OBJC_ISA_USAGE = YES_ERROR;
				CLANG_WARN_DOCUMENTATION_COMMENTS = YES;
				CLANG_WARN_EMPTY_BODY = YES;
				CLANG_WARN_ENUM_CONVERSION = YES;
				CLANG_WARN_INFINITE_RECURSION = YES;
				CLANG_WARN_INT_CONVERSION = YES;
				CLANG_WARN_NON_LITERAL_NULL_CONVERSION = YES;
				CLANG_WARN_OBJC_IMPLICIT_RETAIN_SELF = YES;
				CLANG_WARN_OBJC_LITERAL_CONVERSION = YES;
				CLANG_WARN_OBJC_ROOT_CLASS = YES_ERROR;
				CLANG_WARN_RANGE_LOOP_ANALYSIS = YES;
				CLANG_WARN_STRICT_PROTOTYPES = YES;
				CLANG_WARN_SUSPICIOUS_MOVE = YES;
				CLANG_WARN_UNGUARDED_AVAILABILITY = YES_AGGRESSIVE;
				CLANG_WARN_UNREACHABLE_CODE = YES;
				CLANG_WARN__DUPLICATE_METHOD_MATCH = YES;
				CODE_SIGN_IDENTITY = "iPhone Developer";
				COPY_PHASE_STRIP = NO;
				DEBUG_INFORMATION_FORMAT = "dwarf-with-dsym";
				ENABLE_NS_ASSERTIONS = NO;
				ENABLE_STRICT_OBJC_MSGSEND = YES;
				GCC_C_LANGUAGE_STANDARD = gnu11;
				GCC_NO_COMMON_BLOCKS = YES;
				GCC_WARN_64_TO_32_BIT_CONVERSION = YES;
				GCC_WARN_ABOUT_RETURN_TYPE = YES_ERROR;
				GCC_WARN_UNDECLARED_SELECTOR = YES;
				GCC_WARN_UNINITIALIZED_AUTOS = YES_AGGRESSIVE;
				GCC_WARN_UNUSED_FUNCTION = YES;
				GCC_WARN_UNUSED_VARIABLE = YES;
				IPHONEOS_DEPLOYMENT_TARGET = 12.1;
				MTL_ENABLE_DEBUG_INFO = NO;
				MTL_FAST_MATH = YES;
				SDKROOT = iphoneos;
				SWIFT_COMPILATION_MODE = wholemodule;
				SWIFT_OPTIMIZATION_LEVEL = "-O";
				VALIDATE_PRODUCT = YES;
			};
			name = Release;
		};
		4A5E14D12223F4DE00E1F44E /* Debug */ = {
			isa = XCBuildConfiguration;
			buildSettings = {
				ASSETCATALOG_COMPILER_APPICON_NAME = AppIcon;
				CODE_SIGN_STYLE = Automatic;
				DEVELOPMENT_TEAM = 2392YT52CQ;
				INFOPLIST_FILE = LPHApplication/Info.plist;
				LD_RUNPATH_SEARCH_PATHS = (
					"$(inherited)",
					"@executable_path/Frameworks",
				);
				PRODUCT_BUNDLE_IDENTIFIER = tommurray.LPHApplication;
				PRODUCT_NAME = "$(TARGET_NAME)";
				SWIFT_VERSION = 4.2;
				TARGETED_DEVICE_FAMILY = "1,2";
			};
			name = Debug;
		};
		4A5E14D22223F4DE00E1F44E /* Release */ = {
			isa = XCBuildConfiguration;
			buildSettings = {
				ASSETCATALOG_COMPILER_APPICON_NAME = AppIcon;
				CODE_SIGN_STYLE = Automatic;
				DEVELOPMENT_TEAM = 2392YT52CQ;
				INFOPLIST_FILE = LPHApplication/Info.plist;
				LD_RUNPATH_SEARCH_PATHS = (
					"$(inherited)",
					"@executable_path/Frameworks",
				);
				PRODUCT_BUNDLE_IDENTIFIER = tommurray.LPHApplication;
				PRODUCT_NAME = "$(TARGET_NAME)";
				SWIFT_VERSION = 4.2;
				TARGETED_DEVICE_FAMILY = "1,2";
			};
			name = Release;
		};
/* End XCBuildConfiguration section */

/* Begin XCConfigurationList section */
		4A5E14B62223F4DD00E1F44E /* Build configuration list for PBXProject "LPHApplication" */ = {
			isa = XCConfigurationList;
			buildConfigurations = (
				4A5E14CE2223F4DE00E1F44E /* Debug */,
				4A5E14CF2223F4DE00E1F44E /* Release */,
			);
			defaultConfigurationIsVisible = 0;
			defaultConfigurationName = Release;
		};
		4A5E14D02223F4DE00E1F44E /* Build configuration list for PBXNativeTarget "LPHApplication" */ = {
			isa = XCConfigurationList;
			buildConfigurations = (
				4A5E14D12223F4DE00E1F44E /* Debug */,
				4A5E14D22223F4DE00E1F44E /* Release */,
			);
			defaultConfigurationIsVisible = 0;
			defaultConfigurationName = Release;
		};
/* End XCConfigurationList section */

/* Begin XCVersionGroup section */
		4A5E14C52223F4DD00E1F44E /* LPHApplication.xcdatamodeld */ = {
			isa = XCVersionGroup;
			children = (
				4A5E14C62223F4DD00E1F44E /* LPHApplication.xcdatamodel */,
			);
			currentVersion = 4A5E14C62223F4DD00E1F44E /* LPHApplication.xcdatamodel */;
			path = LPHApplication.xcdatamodeld;
			sourceTree = "<group>";
			versionGroupType = wrapper.xcdatamodel;
		};
/* End XCVersionGroup section */
	};
	rootObject = 4A5E14B32223F4DD00E1F44E /* Project object */;
}
